// !$*UTF8*$!
{
	archiveVersion = 1;
	classes = {
	};
	objectVersion = 77;
	objects = {

/* Begin PBXBuildFile section */
		6EB7BA1E2D690E71001AEE20 /* FirebaseAnalytics in Frameworks */ = {isa = PBXBuildFile; productRef = 6EB7BA1D2D690E71001AEE20 /* FirebaseAnalytics */; };
		6EB7BA202D690E71001AEE20 /* FirebaseAuth in Frameworks */ = {isa = PBXBuildFile; productRef = 6EB7BA1F2D690E71001AEE20 /* FirebaseAuth */; };
		6EB7BA222D690E71001AEE20 /* FirebaseFirestore in Frameworks */ = {isa = PBXBuildFile; productRef = 6EB7BA212D690E71001AEE20 /* FirebaseFirestore */; };
		6EB7BA242D690E71001AEE20 /* FirebaseStorage in Frameworks */ = {isa = PBXBuildFile; productRef = 6EB7BA232D690E71001AEE20 /* FirebaseStorage */; };
/* End PBXBuildFile section */

/* Begin PBXContainerItemProxy section */
		6EAA9A9A2D690A5F003F0188 /* PBXContainerItemProxy */ = {
			isa = PBXContainerItemProxy;
			containerPortal = 6EAA9A812D690A5D003F0188 /* Project object */;
			proxyType = 1;
			remoteGlobalIDString = 6EAA9A882D690A5D003F0188;
			remoteInfo = DucksDown;
		};
		6EAA9AA42D690A5F003F0188 /* PBXContainerItemProxy */ = {
			isa = PBXContainerItemProxy;
			containerPortal = 6EAA9A812D690A5D003F0188 /* Project object */;
			proxyType = 1;
			remoteGlobalIDString = 6EAA9A882D690A5D003F0188;
			remoteInfo = DucksDown;
		};
/* End PBXContainerItemProxy section */

/* Begin PBXFileReference section */
		6EAA9A892D690A5D003F0188 /* DucksDown.app */ = {isa = PBXFileReference; explicitFileType = wrapper.application; includeInIndex = 0; path = DucksDown.app; sourceTree = BUILT_PRODUCTS_DIR; };
		6EAA9A992D690A5F003F0188 /* DucksDownTests.xctest */ = {isa = PBXFileReference; explicitFileType = wrapper.cfbundle; includeInIndex = 0; path = DucksDownTests.xctest; sourceTree = BUILT_PRODUCTS_DIR; };
		6EAA9AA32D690A5F003F0188 /* DucksDownUITests.xctest */ = {isa = PBXFileReference; explicitFileType = wrapper.cfbundle; includeInIndex = 0; path = DucksDownUITests.xctest; sourceTree = BUILT_PRODUCTS_DIR; };
/* End PBXFileReference section */

/* Begin PBXFileSystemSynchronizedRootGroup section */
		6EAA9A8B2D690A5D003F0188 /* DucksDown */ = {
			isa = PBXFileSystemSynchronizedRootGroup;
			path = DucksDown;
			sourceTree = "<group>";
		};
		6EAA9A9C2D690A5F003F0188 /* DucksDownTests */ = {
			isa = PBXFileSystemSynchronizedRootGroup;
			path = DucksDownTests;
			sourceTree = "<group>";
		};
		6EAA9AA62D690A5F003F0188 /* DucksDownUITests */ = {
			isa = PBXFileSystemSynchronizedRootGroup;
			path = DucksDownUITests;
			sourceTree = "<group>";
		};
/* End PBXFileSystemSynchronizedRootGroup section */

/* Begin PBXFrameworksBuildPhase section */
		6EAA9A862D690A5D003F0188 /* Frameworks */ = {
			isa = PBXFrameworksBuildPhase;
			buildActionMask = 2147483647;
			files = (
				6EB7BA1E2D690E71001AEE20 /* FirebaseAnalytics in Frameworks */,
				6EB7BA242D690E71001AEE20 /* FirebaseStorage in Frameworks */,
				6EB7BA202D690E71001AEE20 /* FirebaseAuth in Frameworks */,
				6EB7BA222D690E71001AEE20 /* FirebaseFirestore in Frameworks */,
			);
			runOnlyForDeploymentPostprocessing = 0;
		};
		6EAA9A962D690A5F003F0188 /* Frameworks */ = {
			isa = PBXFrameworksBuildPhase;
			buildActionMask = 2147483647;
			files = (
			);
			runOnlyForDeploymentPostprocessing = 0;
		};
		6EAA9AA02D690A5F003F0188 /* Frameworks */ = {
			isa = PBXFrameworksBuildPhase;
			buildActionMask = 2147483647;
			files = (
			);
			runOnlyForDeploymentPostprocessing = 0;
		};
/* End PBXFrameworksBuildPhase section */

/* Begin PBXGroup section */
		6EAA9A802D690A5D003F0188 = {
			isa = PBXGroup;
			children = (
				6EAA9A8B2D690A5D003F0188 /* DucksDown */,
				6EAA9A9C2D690A5F003F0188 /* DucksDownTests */,
				6EAA9AA62D690A5F003F0188 /* DucksDownUITests */,
				6EAA9A8A2D690A5D003F0188 /* Products */,
			);
			sourceTree = "<group>";
		};
		6EAA9A8A2D690A5D003F0188 /* Products */ = {
			isa = PBXGroup;
			children = (
				6EAA9A892D690A5D003F0188 /* DucksDown.app */,
				6EAA9A992D690A5F003F0188 /* DucksDownTests.xctest */,
				6EAA9AA32D690A5F003F0188 /* DucksDownUITests.xctest */,
			);
			name = Products;
			sourceTree = "<group>";
		};
/* End PBXGroup section */

/* Begin PBXNativeTarget section */
		6EAA9A882D690A5D003F0188 /* DucksDown */ = {
			isa = PBXNativeTarget;
			buildConfigurationList = 6EAA9AAD2D690A5F003F0188 /* Build configuration list for PBXNativeTarget "DucksDown" */;
			buildPhases = (
				6EAA9A852D690A5D003F0188 /* Sources */,
				6EAA9A862D690A5D003F0188 /* Frameworks */,
				6EAA9A872D690A5D003F0188 /* Resources */,
			);
			buildRules = (
			);
			dependencies = (
			);
			fileSystemSynchronizedGroups = (
				6EAA9A8B2D690A5D003F0188 /* DucksDown */,
			);
			name = DucksDown;
			packageProductDependencies = (
				6EB7BA1D2D690E71001AEE20 /* FirebaseAnalytics */,
				6EB7BA1F2D690E71001AEE20 /* FirebaseAuth */,
				6EB7BA212D690E71001AEE20 /* FirebaseFirestore */,
				6EB7BA232D690E71001AEE20 /* FirebaseStorage */,
			);
			productName = DucksDown;
			productReference = 6EAA9A892D690A5D003F0188 /* DucksDown.app */;
			productType = "com.apple.product-type.application";
		};
		6EAA9A982D690A5F003F0188 /* DucksDownTests */ = {
			isa = PBXNativeTarget;
			buildConfigurationList = 6EAA9AB02D690A5F003F0188 /* Build configuration list for PBXNativeTarget "DucksDownTests" */;
			buildPhases = (
				6EAA9A952D690A5F003F0188 /* Sources */,
				6EAA9A962D690A5F003F0188 /* Frameworks */,
				6EAA9A972D690A5F003F0188 /* Resources */,
			);
			buildRules = (
			);
			dependencies = (
				6EAA9A9B2D690A5F003F0188 /* PBXTargetDependency */,
			);
			fileSystemSynchronizedGroups = (
				6EAA9A9C2D690A5F003F0188 /* DucksDownTests */,
			);
			name = DucksDownTests;
			packageProductDependencies = (
			);
			productName = DucksDownTests;
			productReference = 6EAA9A992D690A5F003F0188 /* DucksDownTests.xctest */;
			productType = "com.apple.product-type.bundle.unit-test";
		};
		6EAA9AA22D690A5F003F0188 /* DucksDownUITests */ = {
			isa = PBXNativeTarget;
			buildConfigurationList = 6EAA9AB32D690A5F003F0188 /* Build configuration list for PBXNativeTarget "DucksDownUITests" */;
			buildPhases = (
				6EAA9A9F2D690A5F003F0188 /* Sources */,
				6EAA9AA02D690A5F003F0188 /* Frameworks */,
				6EAA9AA12D690A5F003F0188 /* Resources */,
			);
			buildRules = (
			);
			dependencies = (
				6EAA9AA52D690A5F003F0188 /* PBXTargetDependency */,
			);
			fileSystemSynchronizedGroups = (
				6EAA9AA62D690A5F003F0188 /* DucksDownUITests */,
			);
			name = DucksDownUITests;
			packageProductDependencies = (
			);
			productName = DucksDownUITests;
			productReference = 6EAA9AA32D690A5F003F0188 /* DucksDownUITests.xctest */;
			productType = "com.apple.product-type.bundle.ui-testing";
		};
/* End PBXNativeTarget section */

/* Begin PBXProject section */
		6EAA9A812D690A5D003F0188 /* Project object */ = {
			isa = PBXProject;
			attributes = {
				BuildIndependentTargetsInParallel = 1;
				LastSwiftUpdateCheck = 1620;
				LastUpgradeCheck = 1620;
				TargetAttributes = {
					6EAA9A882D690A5D003F0188 = {
						CreatedOnToolsVersion = 16.2;
					};
					6EAA9A982D690A5F003F0188 = {
						CreatedOnToolsVersion = 16.2;
						TestTargetID = 6EAA9A882D690A5D003F0188;
					};
					6EAA9AA22D690A5F003F0188 = {
						CreatedOnToolsVersion = 16.2;
						TestTargetID = 6EAA9A882D690A5D003F0188;
					};
				};
			};
			buildConfigurationList = 6EAA9A842D690A5D003F0188 /* Build configuration list for PBXProject "DucksDown" */;
			developmentRegion = en;
			hasScannedForEncodings = 0;
			knownRegions = (
				en,
				Base,
			);
			mainGroup = 6EAA9A802D690A5D003F0188;
			minimizedProjectReferenceProxies = 1;
			packageReferences = (
				6EB7BA1C2D690E71001AEE20 /* XCRemoteSwiftPackageReference "firebase-ios-sdk" */,
			);
			preferredProjectObjectVersion = 77;
			productRefGroup = 6EAA9A8A2D690A5D003F0188 /* Products */;
			projectDirPath = "";
			projectRoot = "";
			targets = (
				6EAA9A882D690A5D003F0188 /* DucksDown */,
				6EAA9A982D690A5F003F0188 /* DucksDownTests */,
				6EAA9AA22D690A5F003F0188 /* DucksDownUITests */,
			);
		};
/* End PBXProject section */

/* Begin PBXResourcesBuildPhase section */
		6EAA9A872D690A5D003F0188 /* Resources */ = {
			isa = PBXResourcesBuildPhase;
			buildActionMask = 2147483647;
			files = (
			);
			runOnlyForDeploymentPostprocessing = 0;
		};
		6EAA9A972D690A5F003F0188 /* Resources */ = {
			isa = PBXResourcesBuildPhase;
			buildActionMask = 2147483647;
			files = (
			);
			runOnlyForDeploymentPostprocessing = 0;
		};
		6EAA9AA12D690A5F003F0188 /* Resources */ = {
			isa = PBXResourcesBuildPhase;
			buildActionMask = 2147483647;
			files = (
			);
			runOnlyForDeploymentPostprocessing = 0;
		};
/* End PBXResourcesBuildPhase section */

/* Begin PBXSourcesBuildPhase section */
		6EAA9A852D690A5D003F0188 /* Sources */ = {
			isa = PBXSourcesBuildPhase;
			buildActionMask = 2147483647;
			files = (
			);
			runOnlyForDeploymentPostprocessing = 0;
		};
		6EAA9A952D690A5F003F0188 /* Sources */ = {
			isa = PBXSourcesBuildPhase;
			buildActionMask = 2147483647;
			files = (
			);
			runOnlyForDeploymentPostprocessing = 0;
		};
		6EAA9A9F2D690A5F003F0188 /* Sources */ = {
			isa = PBXSourcesBuildPhase;
			buildActionMask = 2147483647;
			files = (
			);
			runOnlyForDeploymentPostprocessing = 0;
		};
/* End PBXSourcesBuildPhase section */

/* Begin PBXTargetDependency section */
		6EAA9A9B2D690A5F003F0188 /* PBXTargetDependency */ = {
			isa = PBXTargetDependency;
			target = 6EAA9A882D690A5D003F0188 /* DucksDown */;
			targetProxy = 6EAA9A9A2D690A5F003F0188 /* PBXContainerItemProxy */;
		};
		6EAA9AA52D690A5F003F0188 /* PBXTargetDependency */ = {
			isa = PBXTargetDependency;
			target = 6EAA9A882D690A5D003F0188 /* DucksDown */;
			targetProxy = 6EAA9AA42D690A5F003F0188 /* PBXContainerItemProxy */;
		};
/* End PBXTargetDependency section */

/* Begin XCBuildConfiguration section */
		6EAA9AAB2D690A5F003F0188 /* Debug */ = {
			isa = XCBuildConfiguration;
			buildSettings = {
				ALWAYS_SEARCH_USER_PATHS = NO;
				ASSETCATALOG_COMPILER_GENERATE_SWIFT_ASSET_SYMBOL_EXTENSIONS = YES;
				CLANG_ANALYZER_NONNULL = YES;
				CLANG_ANALYZER_NUMBER_OBJECT_CONVERSION = YES_AGGRESSIVE;
				CLANG_CXX_LANGUAGE_STANDARD = "gnu++20";
				CLANG_ENABLE_MODULES = YES;
				CLANG_ENABLE_OBJC_ARC = YES;
				CLANG_ENABLE_OBJC_WEAK = YES;
				CLANG_WARN_BLOCK_CAPTURE_AUTORELEASING = YES;
				CLANG_WARN_BOOL_CONVERSION = YES;
				CLANG_WARN_COMMA = YES;
				CLANG_WARN_CONSTANT_CONVERSION = YES;
				CLANG_WARN_DEPRECATED_OBJC_IMPLEMENTATIONS = YES;
				CLANG_WARN_DIRECT_OBJC_ISA_USAGE = YES_ERROR;
				CLANG_WARN_DOCUMENTATION_COMMENTS = YES;
				CLANG_WARN_EMPTY_BODY = YES;
				CLANG_WARN_ENUM_CONVERSION = YES;
				CLANG_WARN_INFINITE_RECURSION = YES;
				CLANG_WARN_INT_CONVERSION = YES;
				CLANG_WARN_NON_LITERAL_NULL_CONVERSION = YES;
				CLANG_WARN_OBJC_IMPLICIT_RETAIN_SELF = YES;
				CLANG_WARN_OBJC_LITERAL_CONVERSION = YES;
				CLANG_WARN_OBJC_ROOT_CLASS = YES_ERROR;
				CLANG_WARN_QUOTED_INCLUDE_IN_FRAMEWORK_HEADER = YES;
				CLANG_WARN_RANGE_LOOP_ANALYSIS = YES;
				CLANG_WARN_STRICT_PROTOTYPES = YES;
				CLANG_WARN_SUSPICIOUS_MOVE = YES;
				CLANG_WARN_UNGUARDED_AVAILABILITY = YES_AGGRESSIVE;
				CLANG_WARN_UNREACHABLE_CODE = YES;
				CLANG_WARN__DUPLICATE_METHOD_MATCH = YES;
				COPY_PHASE_STRIP = NO;
				DEBUG_INFORMATION_FORMAT = dwarf;
				ENABLE_STRICT_OBJC_MSGSEND = YES;
				ENABLE_TESTABILITY = YES;
				ENABLE_USER_SCRIPT_SANDBOXING = YES;
				GCC_C_LANGUAGE_STANDARD = gnu17;
				GCC_DYNAMIC_NO_PIC = NO;
				GCC_NO_COMMON_BLOCKS = YES;
				GCC_OPTIMIZATION_LEVEL = 0;
				GCC_PREPROCESSOR_DEFINITIONS = (
					"DEBUG=1",
					"$(inherited)",
				);
				GCC_WARN_64_TO_32_BIT_CONVERSION = YES;
				GCC_WARN_ABOUT_RETURN_TYPE = YES_ERROR;
				GCC_WARN_UNDECLARED_SELECTOR = YES;
				GCC_WARN_UNINITIALIZED_AUTOS = YES_AGGRESSIVE;
				GCC_WARN_UNUSED_FUNCTION = YES;
				GCC_WARN_UNUSED_VARIABLE = YES;
				IPHONEOS_DEPLOYMENT_TARGET = 18.2;
				LOCALIZATION_PREFERS_STRING_CATALOGS = YES;
				MTL_ENABLE_DEBUG_INFO = INCLUDE_SOURCE;
				MTL_FAST_MATH = YES;
				ONLY_ACTIVE_ARCH = YES;
				SDKROOT = iphoneos;
				SWIFT_ACTIVE_COMPILATION_CONDITIONS = "DEBUG $(inherited)";
				SWIFT_OPTIMIZATION_LEVEL = "-Onone";
			};
			name = Debug;
		};
		6EAA9AAC2D690A5F003F0188 /* Release */ = {
			isa = XCBuildConfiguration;
			buildSettings = {
				ALWAYS_SEARCH_USER_PATHS = NO;
				ASSETCATALOG_COMPILER_GENERATE_SWIFT_ASSET_SYMBOL_EXTENSIONS = YES;
				CLANG_ANALYZER_NONNULL = YES;
				CLANG_ANALYZER_NUMBER_OBJECT_CONVERSION = YES_AGGRESSIVE;
				CLANG_CXX_LANGUAGE_STANDARD = "gnu++20";
				CLANG_ENABLE_MODULES = YES;
				CLANG_ENABLE_OBJC_ARC = YES;
				CLANG_ENABLE_OBJC_WEAK = YES;
				CLANG_WARN_BLOCK_CAPTURE_AUTORELEASING = YES;
				CLANG_WARN_BOOL_CONVERSION = YES;
				CLANG_WARN_COMMA = YES;
				CLANG_WARN_CONSTANT_CONVERSION = YES;
				CLANG_WARN_DEPRECATED_OBJC_IMPLEMENTATIONS = YES;
				CLANG_WARN_DIRECT_OBJC_ISA_USAGE = YES_ERROR;
				CLANG_WARN_DOCUMENTATION_COMMENTS = YES;
				CLANG_WARN_EMPTY_BODY = YES;
				CLANG_WARN_ENUM_CONVERSION = YES;
				CLANG_WARN_INFINITE_RECURSION = YES;
				CLANG_WARN_INT_CONVERSION = YES;
				CLANG_WARN_NON_LITERAL_NULL_CONVERSION = YES;
				CLANG_WARN_OBJC_IMPLICIT_RETAIN_SELF = YES;
				CLANG_WARN_OBJC_LITERAL_CONVERSION = YES;
				CLANG_WARN_OBJC_ROOT_CLASS = YES_ERROR;
				CLANG_WARN_QUOTED_INCLUDE_IN_FRAMEWORK_HEADER = YES;
				CLANG_WARN_RANGE_LOOP_ANALYSIS = YES;
				CLANG_WARN_STRICT_PROTOTYPES = YES;
				CLANG_WARN_SUSPICIOUS_MOVE = YES;
				CLANG_WARN_UNGUARDED_AVAILABILITY = YES_AGGRESSIVE;
				CLANG_WARN_UNREACHABLE_CODE = YES;
				CLANG_WARN__DUPLICATE_METHOD_MATCH = YES;
				COPY_PHASE_STRIP = NO;
				DEBUG_INFORMATION_FORMAT = "dwarf-with-dsym";
				ENABLE_NS_ASSERTIONS = NO;
				ENABLE_STRICT_OBJC_MSGSEND = YES;
				ENABLE_USER_SCRIPT_SANDBOXING = YES;
				GCC_C_LANGUAGE_STANDARD = gnu17;
				GCC_NO_COMMON_BLOCKS = YES;
				GCC_WARN_64_TO_32_BIT_CONVERSION = YES;
				GCC_WARN_ABOUT_RETURN_TYPE = YES_ERROR;
				GCC_WARN_UNDECLARED_SELECTOR = YES;
				GCC_WARN_UNINITIALIZED_AUTOS = YES_AGGRESSIVE;
				GCC_WARN_UNUSED_FUNCTION = YES;
				GCC_WARN_UNUSED_VARIABLE = YES;
				IPHONEOS_DEPLOYMENT_TARGET = 18.2;
				LOCALIZATION_PREFERS_STRING_CATALOGS = YES;
				MTL_ENABLE_DEBUG_INFO = NO;
				MTL_FAST_MATH = YES;
				SDKROOT = iphoneos;
				SWIFT_COMPILATION_MODE = wholemodule;
				VALIDATE_PRODUCT = YES;
			};
			name = Release;
		};
		6EAA9AAE2D690A5F003F0188 /* Debug */ = {
			isa = XCBuildConfiguration;
			buildSettings = {
				ASSETCATALOG_COMPILER_APPICON_NAME = AppIcon;
				ASSETCATALOG_COMPILER_GLOBAL_ACCENT_COLOR_NAME = AccentColor;
				CODE_SIGN_STYLE = Automatic;
				CURRENT_PROJECT_VERSION = 1;
				DEVELOPMENT_ASSET_PATHS = "\"DucksDown/Preview Content\"";
				DEVELOPMENT_TEAM = DC458DCSH2;
				ENABLE_PREVIEWS = YES;
				GENERATE_INFOPLIST_FILE = YES;
				INFOPLIST_KEY_UIApplicationSceneManifest_Generation = YES;
				INFOPLIST_KEY_UIApplicationSupportsIndirectInputEvents = YES;
				INFOPLIST_KEY_UILaunchScreen_Generation = YES;
				INFOPLIST_KEY_UISupportedInterfaceOrientations_iPad = "UIInterfaceOrientationPortrait UIInterfaceOrientationPortraitUpsideDown UIInterfaceOrientationLandscapeLeft UIInterfaceOrientationLandscapeRight";
				INFOPLIST_KEY_UISupportedInterfaceOrientations_iPhone = "UIInterfaceOrientationPortrait UIInterfaceOrientationLandscapeLeft UIInterfaceOrientationLandscapeRight";
				LD_RUNPATH_SEARCH_PATHS = (
					"$(inherited)",
					"@executable_path/Frameworks",
				);
				MARKETING_VERSION = 1.0;
				PRODUCT_BUNDLE_IDENTIFIER = com.amw.DucksDown;
				PRODUCT_NAME = "$(TARGET_NAME)";
				SWIFT_EMIT_LOC_STRINGS = YES;
				SWIFT_VERSION = 5.0;
				TARGETED_DEVICE_FAMILY = "1,2";
			};
			name = Debug;
		};
		6EAA9AAF2D690A5F003F0188 /* Release */ = {
			isa = XCBuildConfiguration;
			buildSettings = {
				ASSETCATALOG_COMPILER_APPICON_NAME = AppIcon;
				ASSETCATALOG_COMPILER_GLOBAL_ACCENT_COLOR_NAME = AccentColor;
				CODE_SIGN_STYLE = Automatic;
				CURRENT_PROJECT_VERSION = 1;
				DEVELOPMENT_ASSET_PATHS = "\"DucksDown/Preview Content\"";
				DEVELOPMENT_TEAM = DC458DCSH2;
				ENABLE_PREVIEWS = YES;
				GENERATE_INFOPLIST_FILE = YES;
				INFOPLIST_KEY_UIApplicationSceneManifest_Generation = YES;
				INFOPLIST_KEY_UIApplicationSupportsIndirectInputEvents = YES;
				INFOPLIST_KEY_UILaunchScreen_Generation = YES;
				INFOPLIST_KEY_UISupportedInterfaceOrientations_iPad = "UIInterfaceOrientationPortrait UIInterfaceOrientationPortraitUpsideDown UIInterfaceOrientationLandscapeLeft UIInterfaceOrientationLandscapeRight";
				INFOPLIST_KEY_UISupportedInterfaceOrientations_iPhone = "UIInterfaceOrientationPortrait UIInterfaceOrientationLandscapeLeft UIInterfaceOrientationLandscapeRight";
				LD_RUNPATH_SEARCH_PATHS = (
					"$(inherited)",
					"@executable_path/Frameworks",
				);
				MARKETING_VERSION = 1.0;
				PRODUCT_BUNDLE_IDENTIFIER = com.amw.DucksDown;
				PRODUCT_NAME = "$(TARGET_NAME)";
				SWIFT_EMIT_LOC_STRINGS = YES;
				SWIFT_VERSION = 5.0;
				TARGETED_DEVICE_FAMILY = "1,2";
			};
			name = Release;
		};
		6EAA9AB12D690A5F003F0188 /* Debug */ = {
			isa = XCBuildConfiguration;
			buildSettings = {
				BUNDLE_LOADER = "$(TEST_HOST)";
				CODE_SIGN_STYLE = Automatic;
				CURRENT_PROJECT_VERSION = 1;
				DEVELOPMENT_TEAM = DC458DCSH2;
				GENERATE_INFOPLIST_FILE = YES;
				IPHONEOS_DEPLOYMENT_TARGET = 18.2;
				MARKETING_VERSION = 1.0;
				PRODUCT_BUNDLE_IDENTIFIER = com.amw.DucksDownTests;
				PRODUCT_NAME = "$(TARGET_NAME)";
				SWIFT_EMIT_LOC_STRINGS = NO;
				SWIFT_VERSION = 5.0;
				TARGETED_DEVICE_FAMILY = "1,2";
				TEST_HOST = "$(BUILT_PRODUCTS_DIR)/DucksDown.app/$(BUNDLE_EXECUTABLE_FOLDER_PATH)/DucksDown";
			};
			name = Debug;
		};
		6EAA9AB22D690A5F003F0188 /* Release */ = {
			isa = XCBuildConfiguration;
			buildSettings = {
				BUNDLE_LOADER = "$(TEST_HOST)";
				CODE_SIGN_STYLE = Automatic;
				CURRENT_PROJECT_VERSION = 1;
				DEVELOPMENT_TEAM = DC458DCSH2;
				GENERATE_INFOPLIST_FILE = YES;
				IPHONEOS_DEPLOYMENT_TARGET = 18.2;
				MARKETING_VERSION = 1.0;
				PRODUCT_BUNDLE_IDENTIFIER = com.amw.DucksDownTests;
				PRODUCT_NAME = "$(TARGET_NAME)";
				SWIFT_EMIT_LOC_STRINGS = NO;
				SWIFT_VERSION = 5.0;
				TARGETED_DEVICE_FAMILY = "1,2";
				TEST_HOST = "$(BUILT_PRODUCTS_DIR)/DucksDown.app/$(BUNDLE_EXECUTABLE_FOLDER_PATH)/DucksDown";
			};
			name = Release;
		};
		6EAA9AB42D690A5F003F0188 /* Debug */ = {
			isa = XCBuildConfiguration;
			buildSettings = {
				CODE_SIGN_STYLE = Automatic;
				CURRENT_PROJECT_VERSION = 1;
				DEVELOPMENT_TEAM = DC458DCSH2;
				GENERATE_INFOPLIST_FILE = YES;
				MARKETING_VERSION = 1.0;
				PRODUCT_BUNDLE_IDENTIFIER = com.amw.DucksDownUITests;
				PRODUCT_NAME = "$(TARGET_NAME)";
				SWIFT_EMIT_LOC_STRINGS = NO;
				SWIFT_VERSION = 5.0;
				TARGETED_DEVICE_FAMILY = "1,2";
				TEST_TARGET_NAME = DucksDown;
			};
			name = Debug;
		};
		6EAA9AB52D690A5F003F0188 /* Release */ = {
			isa = XCBuildConfiguration;
			buildSettings = {
				CODE_SIGN_STYLE = Automatic;
				CURRENT_PROJECT_VERSION = 1;
				DEVELOPMENT_TEAM = DC458DCSH2;
				GENERATE_INFOPLIST_FILE = YES;
				MARKETING_VERSION = 1.0;
				PRODUCT_BUNDLE_IDENTIFIER = com.amw.DucksDownUITests;
				PRODUCT_NAME = "$(TARGET_NAME)";
				SWIFT_EMIT_LOC_STRINGS = NO;
				SWIFT_VERSION = 5.0;
				TARGETED_DEVICE_FAMILY = "1,2";
				TEST_TARGET_NAME = DucksDown;
			};
			name = Release;
		};
/* End XCBuildConfiguration section */

/* Begin XCConfigurationList section */
		6EAA9A842D690A5D003F0188 /* Build configuration list for PBXProject "DucksDown" */ = {
			isa = XCConfigurationList;
			buildConfigurations = (
				6EAA9AAB2D690A5F003F0188 /* Debug */,
				6EAA9AAC2D690A5F003F0188 /* Release */,
			);
			defaultConfigurationIsVisible = 0;
			defaultConfigurationName = Release;
		};
		6EAA9AAD2D690A5F003F0188 /* Build configuration list for PBXNativeTarget "DucksDown" */ = {
			isa = XCConfigurationList;
			buildConfigurations = (
				6EAA9AAE2D690A5F003F0188 /* Debug */,
				6EAA9AAF2D690A5F003F0188 /* Release */,
			);
			defaultConfigurationIsVisible = 0;
			defaultConfigurationName = Release;
		};
		6EAA9AB02D690A5F003F0188 /* Build configuration list for PBXNativeTarget "DucksDownTests" */ = {
			isa = XCConfigurationList;
			buildConfigurations = (
				6EAA9AB12D690A5F003F0188 /* Debug */,
				6EAA9AB22D690A5F003F0188 /* Release */,
			);
			defaultConfigurationIsVisible = 0;
			defaultConfigurationName = Release;
		};
		6EAA9AB32D690A5F003F0188 /* Build configuration list for PBXNativeTarget "DucksDownUITests" */ = {
			isa = XCConfigurationList;
			buildConfigurations = (
				6EAA9AB42D690A5F003F0188 /* Debug */,
				6EAA9AB52D690A5F003F0188 /* Release */,
			);
			defaultConfigurationIsVisible = 0;
			defaultConfigurationName = Release;
		};
/* End XCConfigurationList section */

/* Begin XCRemoteSwiftPackageReference section */
		6EB7BA1C2D690E71001AEE20 /* XCRemoteSwiftPackageReference "firebase-ios-sdk" */ = {
			isa = XCRemoteSwiftPackageReference;
			repositoryURL = "https://github.com/firebase/firebase-ios-sdk";
			requirement = {
				kind = upToNextMajorVersion;
				minimumVersion = 11.8.1;
			};
		};
/* End XCRemoteSwiftPackageReference section */

/* Begin XCSwiftPackageProductDependency section */
		6EB7BA1D2D690E71001AEE20 /* FirebaseAnalytics */ = {
			isa = XCSwiftPackageProductDependency;
			package = 6EB7BA1C2D690E71001AEE20 /* XCRemoteSwiftPackageReference "firebase-ios-sdk" */;
			productName = FirebaseAnalytics;
		};
		6EB7BA1F2D690E71001AEE20 /* FirebaseAuth */ = {
			isa = XCSwiftPackageProductDependency;
			package = 6EB7BA1C2D690E71001AEE20 /* XCRemoteSwiftPackageReference "firebase-ios-sdk" */;
			productName = FirebaseAuth;
		};
		6EB7BA212D690E71001AEE20 /* FirebaseFirestore */ = {
			isa = XCSwiftPackageProductDependency;
			package = 6EB7BA1C2D690E71001AEE20 /* XCRemoteSwiftPackageReference "firebase-ios-sdk" */;
			productName = FirebaseFirestore;
		};
		6EB7BA232D690E71001AEE20 /* FirebaseStorage */ = {
			isa = XCSwiftPackageProductDependency;
			package = 6EB7BA1C2D690E71001AEE20 /* XCRemoteSwiftPackageReference "firebase-ios-sdk" */;
			productName = FirebaseStorage;
		};
/* End XCSwiftPackageProductDependency section */
	};
	rootObject = 6EAA9A812D690A5D003F0188 /* Project object */;
}
